{
  "originHash" : "35ed5f899a445fda6e1e83e13382d44c7823dd6e88e0a95565ee271e5503253d",
  "pins" : [
    {
      "identity" : "clerk-ios",
      "kind" : "remoteSourceControl",
      "location" : "https://github.com/clerk/clerk-ios",
      "state" : {
        "revision" : "74b48c126a0de46d519ef87b74fc5b2f61dfc46d",
        "version" : "1.1.0"
      }
    },
    {
      "identity" : "kingfisher",
      "kind" : "remoteSourceControl",
      "location" : "https://github.com/onevcat/Kingfisher",
      "state" : {
        "revision" : "c152c1915f60c51e4afa0752656993ee5b3c63db",
        "version" : "8.8.1"
      }
    },
    {
      "identity" : "nuke",
      "kind" : "remoteSourceControl",
      "location" : "https://github.com/kean/Nuke.git",
      "state" : {
        "revision" : "83e19143355b02e9261edb2323b3e1e93287ebb9",
        "version" : "12.9.0"
      }
    },
    {
      "identity" : "phonenumberkit",
      "kind" : "remoteSourceControl",
      "location" : "https://github.com/marmelroy/PhoneNumberKit",
      "state" : {
        "revision" : "c15542f373a8593fc0cbeac443b0efb2cea4aff0",
        "version" : "4.2.10"
      }
    }
  ],
  "version" : 3
}
